// !$*UTF8*$!
{
	archiveVersion = 1;
	classes = {
	};
	objectVersion = 46;
	objects = {

/* Begin PBXBuildFile section */
		7137FB581E00E1A400159EE4 /* AppDelegate.swift in Sources */ = {isa = PBXBuildFile; fileRef = 7137FB571E00E1A400159EE4 /* AppDelegate.swift */; };
		7137FB5A1E00E1A400159EE4 /* ViewController.swift in Sources */ = {isa = PBXBuildFile; fileRef = 7137FB591E00E1A400159EE4 /* ViewController.swift */; };
		7137FB5D1E00E1A400159EE4 /* Main.storyboard in Resources */ = {isa = PBXBuildFile; fileRef = 7137FB5B1E00E1A400159EE4 /* Main.storyboard */; };
		7137FB5F1E00E1A400159EE4 /* Assets.xcassets in Resources */ = {isa = PBXBuildFile; fileRef = 7137FB5E1E00E1A400159EE4 /* Assets.xcassets */; };
		7137FB621E00E1A400159EE4 /* LaunchScreen.storyboard in Resources */ = {isa = PBXBuildFile; fileRef = 7137FB601E00E1A400159EE4 /* LaunchScreen.storyboard */; };
		7137FB6D1E00E1A400159EE4 /* ex1_1_1Tests.swift in Sources */ = {isa = PBXBuildFile; fileRef = 7137FB6C1E00E1A400159EE4 /* ex1_1_1Tests.swift */; };
		7137FB781E00E1A400159EE4 /* ex1_1_1UITests.swift in Sources */ = {isa = PBXBuildFile; fileRef = 7137FB771E00E1A400159EE4 /* ex1_1_1UITests.swift */; };
/* End PBXBuildFile section */

/* Begin PBXContainerItemProxy section */
		7137FB691E00E1A400159EE4 /* PBXContainerItemProxy */ = {
			isa = PBXContainerItemProxy;
			containerPortal = 7137FB4C1E00E1A400159EE4 /* Project object */;
			proxyType = 1;
			remoteGlobalIDString = 7137FB531E00E1A400159EE4;
			remoteInfo = "ex1-1-1";
		};
		7137FB741E00E1A400159EE4 /* PBXContainerItemProxy */ = {
			isa = PBXContainerItemProxy;
			containerPortal = 7137FB4C1E00E1A400159EE4 /* Project object */;
			proxyType = 1;
			remoteGlobalIDString = 7137FB531E00E1A400159EE4;
			remoteInfo = "ex1-1-1";
		};
/* End PBXContainerItemProxy section */

/* Begin PBXFileReference section */
		7137FB541E00E1A400159EE4 /* ex1-1-1.app */ = {isa = PBXFileReference; explicitFileType = wrapper.application; includeInIndex = 0; path = "ex1-1-1.app"; sourceTree = BUILT_PRODUCTS_DIR; };
		7137FB571E00E1A400159EE4 /* AppDelegate.swift */ = {isa = PBXFileReference; lastKnownFileType = sourcecode.swift; path = AppDelegate.swift; sourceTree = "<group>"; };
		7137FB591E00E1A400159EE4 /* ViewController.swift */ = {isa = PBXFileReference; lastKnownFileType = sourcecode.swift; path = ViewController.swift; sourceTree = "<group>"; };
		7137FB5C1E00E1A400159EE4 /* Base */ = {isa = PBXFileReference; lastKnownFileType = file.storyboard; name = Base; path = Base.lproj/Main.storyboard; sourceTree = "<group>"; };
		7137FB5E1E00E1A400159EE4 /* Assets.xcassets */ = {isa = PBXFileReference; lastKnownFileType = folder.assetcatalog; path = Assets.xcassets; sourceTree = "<group>"; };
		7137FB611E00E1A400159EE4 /* Base */ = {isa = PBXFileReference; lastKnownFileType = file.storyboard; name = Base; path = Base.lproj/LaunchScreen.storyboard; sourceTree = "<group>"; };
		7137FB631E00E1A400159EE4 /* Info.plist */ = {isa = PBXFileReference; lastKnownFileType = text.plist.xml; path = Info.plist; sourceTree = "<group>"; };
		7137FB681E00E1A400159EE4 /* ex1-1-1Tests.xctest */ = {isa = PBXFileReference; explicitFileType = wrapper.cfbundle; includeInIndex = 0; path = "ex1-1-1Tests.xctest"; sourceTree = BUILT_PRODUCTS_DIR; };
		7137FB6C1E00E1A400159EE4 /* ex1_1_1Tests.swift */ = {isa = PBXFileReference; lastKnownFileType = sourcecode.swift; path = ex1_1_1Tests.swift; sourceTree = "<group>"; };
		7137FB6E1E00E1A400159EE4 /* Info.plist */ = {isa = PBXFileReference; lastKnownFileType = text.plist.xml; path = Info.plist; sourceTree = "<group>"; };
		7137FB731E00E1A400159EE4 /* ex1-1-1UITests.xctest */ = {isa = PBXFileReference; explicitFileType = wrapper.cfbundle; includeInIndex = 0; path = "ex1-1-1UITests.xctest"; sourceTree = BUILT_PRODUCTS_DIR; };
		7137FB771E00E1A400159EE4 /* ex1_1_1UITests.swift */ = {isa = PBXFileReference; lastKnownFileType = sourcecode.swift; path = ex1_1_1UITests.swift; sourceTree = "<group>"; };
		7137FB791E00E1A400159EE4 /* Info.plist */ = {isa = PBXFileReference; lastKnownFileType = text.plist.xml; path = Info.plist; sourceTree = "<group>"; };
/* End PBXFileReference section */

/* Begin PBXFrameworksBuildPhase section */
		7137FB511E00E1A400159EE4 /* Frameworks */ = {
			isa = PBXFrameworksBuildPhase;
			buildActionMask = 2147483647;
			files = (
			);
			runOnlyForDeploymentPostprocessing = 0;
		};
		7137FB651E00E1A400159EE4 /* Frameworks */ = {
			isa = PBXFrameworksBuildPhase;
			buildActionMask = 2147483647;
			files = (
			);
			runOnlyForDeploymentPostprocessing = 0;
		};
		7137FB701E00E1A400159EE4 /* Frameworks */ = {
			isa = PBXFrameworksBuildPhase;
			buildActionMask = 2147483647;
			files = (
			);
			runOnlyForDeploymentPostprocessing = 0;
		};
/* End PBXFrameworksBuildPhase section */

/* Begin PBXGroup section */
		7137FB4B1E00E1A400159EE4 = {
			isa = PBXGroup;
			children = (
				7137FB561E00E1A400159EE4 /* ex1-1-1 */,
				7137FB6B1E00E1A400159EE4 /* ex1-1-1Tests */,
				7137FB761E00E1A400159EE4 /* ex1-1-1UITests */,
				7137FB551E00E1A400159EE4 /* Products */,
			);
			sourceTree = "<group>";
		};
		7137FB551E00E1A400159EE4 /* Products */ = {
			isa = PBXGroup;
			children = (
				7137FB541E00E1A400159EE4 /* ex1-1-1.app */,
				7137FB681E00E1A400159EE4 /* ex1-1-1Tests.xctest */,
				7137FB731E00E1A400159EE4 /* ex1-1-1UITests.xctest */,
			);
			name = Products;
			sourceTree = "<group>";
		};
		7137FB561E00E1A400159EE4 /* ex1-1-1 */ = {
			isa = PBXGroup;
			children = (
				7137FB571E00E1A400159EE4 /* AppDelegate.swift */,
				7137FB591E00E1A400159EE4 /* ViewController.swift */,
				7137FB5B1E00E1A400159EE4 /* Main.storyboard */,
				7137FB5E1E00E1A400159EE4 /* Assets.xcassets */,
				7137FB601E00E1A400159EE4 /* LaunchScreen.storyboard */,
				7137FB631E00E1A400159EE4 /* Info.plist */,
			);
			path = "ex1-1-1";
			sourceTree = "<group>";
		};
		7137FB6B1E00E1A400159EE4 /* ex1-1-1Tests */ = {
			isa = PBXGroup;
			children = (
				7137FB6C1E00E1A400159EE4 /* ex1_1_1Tests.swift */,
				7137FB6E1E00E1A400159EE4 /* Info.plist */,
			);
			path = "ex1-1-1Tests";
			sourceTree = "<group>";
		};
		7137FB761E00E1A400159EE4 /* ex1-1-1UITests */ = {
			isa = PBXGroup;
			children = (
				7137FB771E00E1A400159EE4 /* ex1_1_1UITests.swift */,
				7137FB791E00E1A400159EE4 /* Info.plist */,
			);
			path = "ex1-1-1UITests";
			sourceTree = "<group>";
		};
/* End PBXGroup section */

/* Begin PBXNativeTarget section */
		7137FB531E00E1A400159EE4 /* ex1-1-1 */ = {
			isa = PBXNativeTarget;
			buildConfigurationList = 7137FB7C1E00E1A400159EE4 /* Build configuration list for PBXNativeTarget "ex1-1-1" */;
			buildPhases = (
				7137FB501E00E1A400159EE4 /* Sources */,
				7137FB511E00E1A400159EE4 /* Frameworks */,
				7137FB521E00E1A400159EE4 /* Resources */,
			);
			buildRules = (
			);
			dependencies = (
			);
			name = "ex1-1-1";
			productName = "ex1-1-1";
			productReference = 7137FB541E00E1A400159EE4 /* ex1-1-1.app */;
			productType = "com.apple.product-type.application";
		};
		7137FB671E00E1A400159EE4 /* ex1-1-1Tests */ = {
			isa = PBXNativeTarget;
			buildConfigurationList = 7137FB7F1E00E1A400159EE4 /* Build configuration list for PBXNativeTarget "ex1-1-1Tests" */;
			buildPhases = (
				7137FB641E00E1A400159EE4 /* Sources */,
				7137FB651E00E1A400159EE4 /* Frameworks */,
				7137FB661E00E1A400159EE4 /* Resources */,
			);
			buildRules = (
			);
			dependencies = (
				7137FB6A1E00E1A400159EE4 /* PBXTargetDependency */,
			);
			name = "ex1-1-1Tests";
			productName = "ex1-1-1Tests";
			productReference = 7137FB681E00E1A400159EE4 /* ex1-1-1Tests.xctest */;
			productType = "com.apple.product-type.bundle.unit-test";
		};
		7137FB721E00E1A400159EE4 /* ex1-1-1UITests */ = {
			isa = PBXNativeTarget;
			buildConfigurationList = 7137FB821E00E1A400159EE4 /* Build configuration list for PBXNativeTarget "ex1-1-1UITests" */;
			buildPhases = (
				7137FB6F1E00E1A400159EE4 /* Sources */,
				7137FB701E00E1A400159EE4 /* Frameworks */,
				7137FB711E00E1A400159EE4 /* Resources */,
			);
			buildRules = (
			);
			dependencies = (
				7137FB751E00E1A400159EE4 /* PBXTargetDependency */,
			);
			name = "ex1-1-1UITests";
			productName = "ex1-1-1UITests";
			productReference = 7137FB731E00E1A400159EE4 /* ex1-1-1UITests.xctest */;
			productType = "com.apple.product-type.bundle.ui-testing";
		};
/* End PBXNativeTarget section */

/* Begin PBXProject section */
		7137FB4C1E00E1A400159EE4 /* Project object */ = {
			isa = PBXProject;
			attributes = {
				LastSwiftUpdateCheck = 0730;
				LastUpgradeCheck = 0730;
				ORGANIZATIONNAME = "ITユーザー";
				TargetAttributes = {
					7137FB531E00E1A400159EE4 = {
						CreatedOnToolsVersion = 7.3;
						DevelopmentTeam = APKY324UJZ;
					};
					7137FB671E00E1A400159EE4 = {
						CreatedOnToolsVersion = 7.3;
						DevelopmentTeam = APKY324UJZ;
						TestTargetID = 7137FB531E00E1A400159EE4;
					};
					7137FB721E00E1A400159EE4 = {
						CreatedOnToolsVersion = 7.3;
						DevelopmentTeam = APKY324UJZ;
						TestTargetID = 7137FB531E00E1A400159EE4;
					};
				};
			};
			buildConfigurationList = 7137FB4F1E00E1A400159EE4 /* Build configuration list for PBXProject "ex1-1-1" */;
			compatibilityVersion = "Xcode 3.2";
			developmentRegion = English;
			hasScannedForEncodings = 0;
			knownRegions = (
				en,
				Base,
			);
			mainGroup = 7137FB4B1E00E1A400159EE4;
			productRefGroup = 7137FB551E00E1A400159EE4 /* Products */;
			projectDirPath = "";
			projectRoot = "";
			targets = (
				7137FB531E00E1A400159EE4 /* ex1-1-1 */,
				7137FB671E00E1A400159EE4 /* ex1-1-1Tests */,
				7137FB721E00E1A400159EE4 /* ex1-1-1UITests */,
			);
		};
/* End PBXProject section */

/* Begin PBXResourcesBuildPhase section */
		7137FB521E00E1A400159EE4 /* Resources */ = {
			isa = PBXResourcesBuildPhase;
			buildActionMask = 2147483647;
			files = (
				7137FB621E00E1A400159EE4 /* LaunchScreen.storyboard in Resources */,
				7137FB5F1E00E1A400159EE4 /* Assets.xcassets in Resources */,
				7137FB5D1E00E1A400159EE4 /* Main.storyboard in Resources */,
			);
			runOnlyForDeploymentPostprocessing = 0;
		};
		7137FB661E00E1A400159EE4 /* Resources */ = {
			isa = PBXResourcesBuildPhase;
			buildActionMask = 2147483647;
			files = (
			);
			runOnlyForDeploymentPostprocessing = 0;
		};
		7137FB711E00E1A400159EE4 /* Resources */ = {
			isa = PBXResourcesBuildPhase;
			buildActionMask = 2147483647;
			files = (
			);
			runOnlyForDeploymentPostprocessing = 0;
		};
/* End PBXResourcesBuildPhase section */

/* Begin PBXSourcesBuildPhase section */
		7137FB501E00E1A400159EE4 /* Sources */ = {
			isa = PBXSourcesBuildPhase;
			buildActionMask = 2147483647;
			files = (
				7137FB5A1E00E1A400159EE4 /* ViewController.swift in Sources */,
				7137FB581E00E1A400159EE4 /* AppDelegate.swift in Sources */,
			);
			runOnlyForDeploymentPostprocessing = 0;
		};
		7137FB641E00E1A400159EE4 /* Sources */ = {
			isa = PBXSourcesBuildPhase;
			buildActionMask = 2147483647;
			files = (
				7137FB6D1E00E1A400159EE4 /* ex1_1_1Tests.swift in Sources */,
			);
			runOnlyForDeploymentPostprocessing = 0;
		};
		7137FB6F1E00E1A400159EE4 /* Sources */ = {
			isa = PBXSourcesBuildPhase;
			buildActionMask = 2147483647;
			files = (
				7137FB781E00E1A400159EE4 /* ex1_1_1UITests.swift in Sources */,
			);
			runOnlyForDeploymentPostprocessing = 0;
		};
/* End PBXSourcesBuildPhase section */

/* Begin PBXTargetDependency section */
		7137FB6A1E00E1A400159EE4 /* PBXTargetDependency */ = {
			isa = PBXTargetDependency;
			target = 7137FB531E00E1A400159EE4 /* ex1-1-1 */;
			targetProxy = 7137FB691E00E1A400159EE4 /* PBXContainerItemProxy */;
		};
		7137FB751E00E1A400159EE4 /* PBXTargetDependency */ = {
			isa = PBXTargetDependency;
			target = 7137FB531E00E1A400159EE4 /* ex1-1-1 */;
			targetProxy = 7137FB741E00E1A400159EE4 /* PBXContainerItemProxy */;
		};
/* End PBXTargetDependency section */

/* Begin PBXVariantGroup section */
		7137FB5B1E00E1A400159EE4 /* Main.storyboard */ = {
			isa = PBXVariantGroup;
			children = (
				7137FB5C1E00E1A400159EE4 /* Base */,
			);
			name = Main.storyboard;
			sourceTree = "<group>";
		};
		7137FB601E00E1A400159EE4 /* LaunchScreen.storyboard */ = {
			isa = PBXVariantGroup;
			children = (
				7137FB611E00E1A400159EE4 /* Base */,
			);
			name = LaunchScreen.storyboard;
			sourceTree = "<group>";
		};
/* End PBXVariantGroup section */

/* Begin XCBuildConfiguration section */
		7137FB7A1E00E1A400159EE4 /* Debug */ = {
			isa = XCBuildConfiguration;
			buildSettings = {
				ALWAYS_SEARCH_USER_PATHS = NO;
				CLANG_ANALYZER_NONNULL = YES;
				CLANG_CXX_LANGUAGE_STANDARD = "gnu++0x";
				CLANG_CXX_LIBRARY = "libc++";
				CLANG_ENABLE_MODULES = YES;
				CLANG_ENABLE_OBJC_ARC = YES;
				CLANG_WARN_BOOL_CONVERSION = YES;
				CLANG_WARN_CONSTANT_CONVERSION = YES;
				CLANG_WARN_DIRECT_OBJC_ISA_USAGE = YES_ERROR;
				CLANG_WARN_EMPTY_BODY = YES;
				CLANG_WARN_ENUM_CONVERSION = YES;
				CLANG_WARN_INT_CONVERSION = YES;
				CLANG_WARN_OBJC_ROOT_CLASS = YES_ERROR;
				CLANG_WARN_UNREACHABLE_CODE = YES;
				CLANG_WARN__DUPLICATE_METHOD_MATCH = YES;
				"CODE_SIGN_IDENTITY[sdk=iphoneos*]" = "iPhone Developer";
				COPY_PHASE_STRIP = NO;
				DEBUG_INFORMATION_FORMAT = dwarf;
				ENABLE_STRICT_OBJC_MSGSEND = YES;
				ENABLE_TESTABILITY = YES;
				GCC_C_LANGUAGE_STANDARD = gnu99;
				GCC_DYNAMIC_NO_PIC = NO;
				GCC_NO_COMMON_BLOCKS = YES;
				GCC_OPTIMIZATION_LEVEL = 0;
				GCC_PREPROCESSOR_DEFINITIONS = (
					"DEBUG=1",
					"$(inherited)",
				);
				GCC_WARN_64_TO_32_BIT_CONVERSION = YES;
				GCC_WARN_ABOUT_RETURN_TYPE = YES_ERROR;
				GCC_WARN_UNDECLARED_SELECTOR = YES;
				GCC_WARN_UNINITIALIZED_AUTOS = YES_AGGRESSIVE;
				GCC_WARN_UNUSED_FUNCTION = YES;
				GCC_WARN_UNUSED_VARIABLE = YES;
				IPHONEOS_DEPLOYMENT_TARGET = 9.3;
				MTL_ENABLE_DEBUG_INFO = YES;
				ONLY_ACTIVE_ARCH = YES;
				SDKROOT = iphoneos;
				SWIFT_OPTIMIZATION_LEVEL = "-Onone";
				TARGETED_DEVICE_FAMILY = "1,2";
			};
			name = Debug;
		};
		7137FB7B1E00E1A400159EE4 /* Release */ = {
			isa = XCBuildConfiguration;
			buildSettings = {
				ALWAYS_SEARCH_USER_PATHS = NO;
				CLANG_ANALYZER_NONNULL = YES;
				CLANG_CXX_LANGUAGE_STANDARD = "gnu++0x";
				CLANG_CXX_LIBRARY = "libc++";
				CLANG_ENABLE_MODULES = YES;
				CLANG_ENABLE_OBJC_ARC = YES;
				CLANG_WARN_BOOL_CONVERSION = YES;
				CLANG_WARN_CONSTANT_CONVERSION = YES;
				CLANG_WARN_DIRECT_OBJC_ISA_USAGE = YES_ERROR;
				CLANG_WARN_EMPTY_BODY = YES;
				CLANG_WARN_ENUM_CONVERSION = YES;
				CLANG_WARN_INT_CONVERSION = YES;
				CLANG_WARN_OBJC_ROOT_CLASS = YES_ERROR;
				CLANG_WARN_UNREACHABLE_CODE = YES;
				CLANG_WARN__DUPLICATE_METHOD_MATCH = YES;
				"CODE_SIGN_IDENTITY[sdk=iphoneos*]" = "iPhone Developer";
				COPY_PHASE_STRIP = NO;
				DEBUG_INFORMATION_FORMAT = "dwarf-with-dsym";
				ENABLE_NS_ASSERTIONS = NO;
				ENABLE_STRICT_OBJC_MSGSEND = YES;
				GCC_C_LANGUAGE_STANDARD = gnu99;
				GCC_NO_COMMON_BLOCKS = YES;
				GCC_WARN_64_TO_32_BIT_CONVERSION = YES;
				GCC_WARN_ABOUT_RETURN_TYPE = YES_ERROR;
				GCC_WARN_UNDECLARED_SELECTOR = YES;
				GCC_WARN_UNINITIALIZED_AUTOS = YES_AGGRESSIVE;
				GCC_WARN_UNUSED_FUNCTION = YES;
				GCC_WARN_UNUSED_VARIABLE = YES;
				IPHONEOS_DEPLOYMENT_TARGET = 9.3;
				MTL_ENABLE_DEBUG_INFO = NO;
				SDKROOT = iphoneos;
				TARGETED_DEVICE_FAMILY = "1,2";
				VALIDATE_PRODUCT = YES;
			};
			name = Release;
		};
		7137FB7D1E00E1A400159EE4 /* Debug */ = {
			isa = XCBuildConfiguration;
			buildSettings = {
				ASSETCATALOG_COMPILER_APPICON_NAME = AppIcon;
				INFOPLIST_FILE = "ex1-1-1/Info.plist";
				LD_RUNPATH_SEARCH_PATHS = "$(inherited) @executable_path/Frameworks";
				PRODUCT_BUNDLE_IDENTIFIER = "jp.ac.neec.ex1-1-1";
				PRODUCT_NAME = "$(TARGET_NAME)";
			};
			name = Debug;
		};
		7137FB7E1E00E1A400159EE4 /* Release */ = {
			isa = XCBuildConfiguration;
			buildSettings = {
				ASSETCATALOG_COMPILER_APPICON_NAME = AppIcon;
				INFOPLIST_FILE = "ex1-1-1/Info.plist";
				LD_RUNPATH_SEARCH_PATHS = "$(inherited) @executable_path/Frameworks";
				PRODUCT_BUNDLE_IDENTIFIER = "jp.ac.neec.ex1-1-1";
				PRODUCT_NAME = "$(TARGET_NAME)";
			};
			name = Release;
		};
		7137FB801E00E1A400159EE4 /* Debug */ = {
			isa = XCBuildConfiguration;
			buildSettings = {
				BUNDLE_LOADER = "$(TEST_HOST)";
				INFOPLIST_FILE = "ex1-1-1Tests/Info.plist";
				LD_RUNPATH_SEARCH_PATHS = "$(inherited) @executable_path/Frameworks @loader_path/Frameworks";
				PRODUCT_BUNDLE_IDENTIFIER = "jp.ac.neec.ex1-1-1Tests";
				PRODUCT_NAME = "$(TARGET_NAME)";
				TEST_HOST = "$(BUILT_PRODUCTS_DIR)/ex1-1-1.app/ex1-1-1";
			};
			name = Debug;
		};
		7137FB811E00E1A400159EE4 /* Release */ = {
			isa = XCBuildConfiguration;
			buildSettings = {
				BUNDLE_LOADER = "$(TEST_HOST)";
				INFOPLIST_FILE = "ex1-1-1Tests/Info.plist";
				LD_RUNPATH_SEARCH_PATHS = "$(inherited) @executable_path/Frameworks @loader_path/Frameworks";
				PRODUCT_BUNDLE_IDENTIFIER = "jp.ac.neec.ex1-1-1Tests";
				PRODUCT_NAME = "$(TARGET_NAME)";
				TEST_HOST = "$(BUILT_PRODUCTS_DIR)/ex1-1-1.app/ex1-1-1";
			};
			name = Release;
		};
		7137FB831E00E1A400159EE4 /* Debug */ = {
			isa = XCBuildConfiguration;
			buildSettings = {
				INFOPLIST_FILE = "ex1-1-1UITests/Info.plist";
				LD_RUNPATH_SEARCH_PATHS = "$(inherited) @executable_path/Frameworks @loader_path/Frameworks";
				PRODUCT_BUNDLE_IDENTIFIER = "jp.ac.neec.ex1-1-1UITests";
				PRODUCT_NAME = "$(TARGET_NAME)";
				TEST_TARGET_NAME = "ex1-1-1";
			};
			name = Debug;
		};
		7137FB841E00E1A400159EE4 /* Release */ = {
			isa = XCBuildConfiguration;
			buildSettings = {
				INFOPLIST_FILE = "ex1-1-1UITests/Info.plist";
				LD_RUNPATH_SEARCH_PATHS = "$(inherited) @executable_path/Frameworks @loader_path/Frameworks";
				PRODUCT_BUNDLE_IDENTIFIER = "jp.ac.neec.ex1-1-1UITests";
				PRODUCT_NAME = "$(TARGET_NAME)";
				TEST_TARGET_NAME = "ex1-1-1";
			};
			name = Release;
		};
/* End XCBuildConfiguration section */

/* Begin XCConfigurationList section */
		7137FB4F1E00E1A400159EE4 /* Build configuration list for PBXProject "ex1-1-1" */ = {
			isa = XCConfigurationList;
			buildConfigurations = (
				7137FB7A1E00E1A400159EE4 /* Debug */,
				7137FB7B1E00E1A400159EE4 /* Release */,
			);
			defaultConfigurationIsVisible = 0;
			defaultConfigurationName = Release;
		};
		7137FB7C1E00E1A400159EE4 /* Build configuration list for PBXNativeTarget "ex1-1-1" */ = {
			isa = XCConfigurationList;
			buildConfigurations = (
				7137FB7D1E00E1A400159EE4 /* Debug */,
				7137FB7E1E00E1A400159EE4 /* Release */,
			);
			defaultConfigurationIsVisible = 0;
		};
		7137FB7F1E00E1A400159EE4 /* Build configuration list for PBXNativeTarget "ex1-1-1Tests" */ = {
			isa = XCConfigurationList;
			buildConfigurations = (
				7137FB801E00E1A400159EE4 /* Debug */,
				7137FB811E00E1A400159EE4 /* Release */,
			);
			defaultConfigurationIsVisible = 0;
		};
		7137FB821E00E1A400159EE4 /* Build configuration list for PBXNativeTarget "ex1-1-1UITests" */ = {
			isa = XCConfigurationList;
			buildConfigurations = (
				7137FB831E00E1A400159EE4 /* Debug */,
				7137FB841E00E1A400159EE4 /* Release */,
			);
			defaultConfigurationIsVisible = 0;
		};
/* End XCConfigurationList section */
	};
	rootObject = 7137FB4C1E00E1A400159EE4 /* Project object */;
}
